
Microsoft Visual Studio Solution File, Format Version 12.00
# Visual Studio Version 16
VisualStudioVersion = 16.0.30002.166
MinimumVisualStudioVersion = 10.0.40219.1
Project("{FAE04EC0-301F-11D3-BF4B-00C04F79EFBC}") = "AuthServer", "AuthServer.csproj", "{BCF7B796-DED6-42C1-B4BE-4ECD26183F1F}"
EndProject
Global
	GlobalSection(SolutionConfigurationPlatforms) = preSolution
		Debug|Any CPU = Debug|Any CPU
		Release|Any CPU = Release|Any CPU
	EndGlobalSection
	GlobalSection(ProjectConfigurationPlatforms) = postSolution
		{BCF7B796-DED6-42C1-B4BE-4ECD26183F1F}.Debug|Any CPU.ActiveCfg = Debug|Any CPU
		{BCF7B796-DED6-42C1-B4BE-4ECD26183F1F}.Debug|Any CPU.Build.0 = Debug|Any CPU
		{BCF7B796-DED6-42C1-B4BE-4ECD26183F1F}.Release|Any CPU.ActiveCfg = Release|Any CPU
		{BCF7B796-DED6-42C1-B4BE-4ECD26183F1F}.Release|Any CPU.Build.0 = Release|Any CPU
	EndGlobalSection
	GlobalSection(SolutionProperties) = preSolution
		HideSolutionNode = FALSE
	EndGlobalSection
	GlobalSection(ExtensibilityGlobals) = postSolution
		SolutionGuid = {3CF45854-2F0F-495E-B3F1-0FF0A26E3DA4}
	EndGlobalSection
EndGlobal
